// !$*UTF8*$!
{
	archiveVersion = 1;
	classes = {
	};
	objectVersion = 56;
	objects = {

/* Begin PBXBuildFile section */
		8B1000012C2EA00000100001 /* SeikatsuBoardCountApp.swift in Sources */ = {isa = PBXBuildFile; fileRef = 8B1001012C2EA00000100001 /* SeikatsuBoardCountApp.swift */; };
		8B1000022C2EA00000100001 /* CountItem.swift in Sources */ = {isa = PBXBuildFile; fileRef = 8B1001022C2EA00000100001 /* CountItem.swift */; };
		8B1000032C2EA00000100001 /* CountRecord.swift in Sources */ = {isa = PBXBuildFile; fileRef = 8B1001032C2EA00000100001 /* CountRecord.swift */; };
		8B1000042C2EA00000100001 /* CalendarHelper.swift in Sources */ = {isa = PBXBuildFile; fileRef = 8B1001042C2EA00000100001 /* CalendarHelper.swift */; };
		8B1000052C2EA00000100001 /* CountStore.swift in Sources */ = {isa = PBXBuildFile; fileRef = 8B1001052C2EA00000100001 /* CountStore.swift */; };
		8B1000062C2EA00000100001 /* SharedStyles.swift in Sources */ = {isa = PBXBuildFile; fileRef = 8B1001062C2EA00000100001 /* SharedStyles.swift */; };
		8B1000072C2EA00000100001 /* RootTabView.swift in Sources */ = {isa = PBXBuildFile; fileRef = 8B1001072C2EA00000100001 /* RootTabView.swift */; };
		8B1000082C2EA00000100001 /* TodayCountView.swift in Sources */ = {isa = PBXBuildFile; fileRef = 8B1001082C2EA00000100001 /* TodayCountView.swift */; };
		8B1000092C2EA00000100001 /* HistoryView.swift in Sources */ = {isa = PBXBuildFile; fileRef = 8B1001092C2EA00000100001 /* HistoryView.swift */; };
		8B10000A2C2EA00000100001 /* ParentSettingsGateView.swift in Sources */ = {isa = PBXBuildFile; fileRef = 8B10010A2C2EA00000100001 /* ParentSettingsGateView.swift */; };
		8B10000B2C2EA00000100001 /* SettingsView.swift in Sources */ = {isa = PBXBuildFile; fileRef = 8B10010B2C2EA00000100001 /* SettingsView.swift */; };
		8B10000C2C2EA00000100001 /* CountItemEditorView.swift in Sources */ = {isa = PBXBuildFile; fileRef = 8B10010C2C2EA00000100001 /* CountItemEditorView.swift */; };
/* End PBXBuildFile section */

/* Begin PBXFileReference section */
		8B1000202C2EA00000100001 /* SeikatsuBoardCount.app */ = {isa = PBXFileReference; explicitFileType = wrapper.application; includeInIndex = 0; path = SeikatsuBoardCount.app; sourceTree = BUILT_PRODUCTS_DIR; };
		8B1001012C2EA00000100001 /* SeikatsuBoardCountApp.swift */ = {isa = PBXFileReference; lastKnownFileType = sourcecode.swift; path = SeikatsuBoardCountApp.swift; sourceTree = "<group>"; };
		8B1001022C2EA00000100001 /* CountItem.swift */ = {isa = PBXFileReference; lastKnownFileType = sourcecode.swift; path = CountItem.swift; sourceTree = "<group>"; };
		8B1001032C2EA00000100001 /* CountRecord.swift */ = {isa = PBXFileReference; lastKnownFileType = sourcecode.swift; path = CountRecord.swift; sourceTree = "<group>"; };
		8B1001042C2EA00000100001 /* CalendarHelper.swift */ = {isa = PBXFileReference; lastKnownFileType = sourcecode.swift; path = CalendarHelper.swift; sourceTree = "<group>"; };
		8B1001052C2EA00000100001 /* CountStore.swift */ = {isa = PBXFileReference; lastKnownFileType = sourcecode.swift; path = CountStore.swift; sourceTree = "<group>"; };
		8B1001062C2EA00000100001 /* SharedStyles.swift */ = {isa = PBXFileReference; lastKnownFileType = sourcecode.swift; path = SharedStyles.swift; sourceTree = "<group>"; };
		8B1001072C2EA00000100001 /* RootTabView.swift */ = {isa = PBXFileReference; lastKnownFileType = sourcecode.swift; path = RootTabView.swift; sourceTree = "<group>"; };
		8B1001082C2EA00000100001 /* TodayCountView.swift */ = {isa = PBXFileReference; lastKnownFileType = sourcecode.swift; path = TodayCountView.swift; sourceTree = "<group>"; };
		8B1001092C2EA00000100001 /* HistoryView.swift */ = {isa = PBXFileReference; lastKnownFileType = sourcecode.swift; path = HistoryView.swift; sourceTree = "<group>"; };
		8B10010A2C2EA00000100001 /* ParentSettingsGateView.swift */ = {isa = PBXFileReference; lastKnownFileType = sourcecode.swift; path = ParentSettingsGateView.swift; sourceTree = "<group>"; };
		8B10010B2C2EA00000100001 /* SettingsView.swift */ = {isa = PBXFileReference; lastKnownFileType = sourcecode.swift; path = SettingsView.swift; sourceTree = "<group>"; };
		8B10010C2C2EA00000100001 /* CountItemEditorView.swift */ = {isa = PBXFileReference; lastKnownFileType = sourcecode.swift; path = CountItemEditorView.swift; sourceTree = "<group>"; };
/* End PBXFileReference section */

/* Begin PBXFrameworksBuildPhase section */
		8B1000302C2EA00000100001 /* Frameworks */ = {
			isa = PBXFrameworksBuildPhase;
			buildActionMask = 2147483647;
			files = (
			);
			runOnlyForDeploymentPostprocessing = 0;
		};
/* End PBXFrameworksBuildPhase section */

/* Begin PBXGroup section */
		8B1000402C2EA00000100001 = {
			isa = PBXGroup;
			children = (
				8B1000412C2EA00000100001 /* SeikatsuBoardCount */,
				8B1000502C2EA00000100001 /* Products */,
			);
			sourceTree = "<group>";
		};
		8B1000412C2EA00000100001 /* SeikatsuBoardCount */ = {
			isa = PBXGroup;
			children = (
				8B1001012C2EA00000100001 /* SeikatsuBoardCountApp.swift */,
				8B1000422C2EA00000100001 /* Models */,
				8B1000432C2EA00000100001 /* Stores */,
				8B1000442C2EA00000100001 /* Views */,
				8B1000452C2EA00000100001 /* Support */,
			);
			path = SeikatsuBoardCount;
			sourceTree = "<group>";
		};
		8B1000422C2EA00000100001 /* Models */ = {
			isa = PBXGroup;
			children = (
				8B1001022C2EA00000100001 /* CountItem.swift */,
				8B1001032C2EA00000100001 /* CountRecord.swift */,
			);
			path = Models;
			sourceTree = "<group>";
		};
		8B1000432C2EA00000100001 /* Stores */ = {
			isa = PBXGroup;
			children = (
				8B1001052C2EA00000100001 /* CountStore.swift */,
			);
			path = Stores;
			sourceTree = "<group>";
		};
		8B1000442C2EA00000100001 /* Views */ = {
			isa = PBXGroup;
			children = (
				8B1001062C2EA00000100001 /* SharedStyles.swift */,
				8B1001072C2EA00000100001 /* RootTabView.swift */,
				8B1001082C2EA00000100001 /* TodayCountView.swift */,
				8B1001092C2EA00000100001 /* HistoryView.swift */,
				8B10010A2C2EA00000100001 /* ParentSettingsGateView.swift */,
				8B10010B2C2EA00000100001 /* SettingsView.swift */,
				8B10010C2C2EA00000100001 /* CountItemEditorView.swift */,
			);
			path = Views;
			sourceTree = "<group>";
		};
		8B1000452C2EA00000100001 /* Support */ = {
			isa = PBXGroup;
			children = (
				8B1001042C2EA00000100001 /* CalendarHelper.swift */,
			);
			path = Support;
			sourceTree = "<group>";
		};
		8B1000502C2EA00000100001 /* Products */ = {
			isa = PBXGroup;
			children = (
				8B1000202C2EA00000100001 /* SeikatsuBoardCount.app */,
			);
			name = Products;
			sourceTree = "<group>";
		};
/* End PBXGroup section */

/* Begin PBXNativeTarget section */
		8B1000602C2EA00000100001 /* SeikatsuBoardCount */ = {
			isa = PBXNativeTarget;
			buildConfigurationList = 8B1000902C2EA00000100001 /* Build configuration list for PBXNativeTarget "SeikatsuBoardCount" */;
			buildPhases = (
				8B1000702C2EA00000100001 /* Sources */,
				8B1000302C2EA00000100001 /* Frameworks */,
				8B1000802C2EA00000100001 /* Resources */,
			);
			buildRules = (
			);
			dependencies = (
			);
			name = SeikatsuBoardCount;
			productName = SeikatsuBoardCount;
			productReference = 8B1000202C2EA00000100001 /* SeikatsuBoardCount.app */;
			productType = "com.apple.product-type.application";
		};
/* End PBXNativeTarget section */

/* Begin PBXProject section */
		8B1000612C2EA00000100001 /* Project object */ = {
			isa = PBXProject;
			attributes = {
				BuildIndependentTargetsInParallel = 1;
				LastSwiftUpdateCheck = 1600;
				LastUpgradeCheck = 1600;
				TargetAttributes = {
					8B1000602C2EA00000100001 = {
						CreatedOnToolsVersion = 16.0;
					};
				};
			};
			buildConfigurationList = 8B1000622C2EA00000100001 /* Build configuration list for PBXProject "SeikatsuBoardCount" */;
			compatibilityVersion = "Xcode 14.0";
			developmentRegion = ja;
			hasScannedForEncodings = 0;
			knownRegions = (
				ja,
				en,
				Base,
			);
			mainGroup = 8B1000402C2EA00000100001;
			productRefGroup = 8B1000502C2EA00000100001 /* Products */;
			projectDirPath = "";
			projectRoot = "";
			targets = (
				8B1000602C2EA00000100001 /* SeikatsuBoardCount */,
			);
		};
/* End PBXProject section */

/* Begin PBXResourcesBuildPhase section */
		8B1000802C2EA00000100001 /* Resources */ = {
			isa = PBXResourcesBuildPhase;
			buildActionMask = 2147483647;
			files = (
			);
			runOnlyForDeploymentPostprocessing = 0;
		};
/* End PBXResourcesBuildPhase section */

/* Begin PBXSourcesBuildPhase section */
		8B1000702C2EA00000100001 /* Sources */ = {
			isa = PBXSourcesBuildPhase;
			buildActionMask = 2147483647;
			files = (
				8B1000012C2EA00000100001 /* SeikatsuBoardCountApp.swift in Sources */,
				8B1000022C2EA00000100001 /* CountItem.swift in Sources */,
				8B1000032C2EA00000100001 /* CountRecord.swift in Sources */,
				8B1000042C2EA00000100001 /* CalendarHelper.swift in Sources */,
				8B1000052C2EA00000100001 /* CountStore.swift in Sources */,
				8B1000062C2EA00000100001 /* SharedStyles.swift in Sources */,
				8B1000072C2EA00000100001 /* RootTabView.swift in Sources */,
				8B1000082C2EA00000100001 /* TodayCountView.swift in Sources */,
				8B1000092C2EA00000100001 /* HistoryView.swift in Sources */,
				8B10000A2C2EA00000100001 /* ParentSettingsGateView.swift in Sources */,
				8B10000B2C2EA00000100001 /* SettingsView.swift in Sources */,
				8B10000C2C2EA00000100001 /* CountItemEditorView.swift in Sources */,
			);
			runOnlyForDeploymentPostprocessing = 0;
		};
/* End PBXSourcesBuildPhase section */

/* Begin XCBuildConfiguration section */
		8B1000632C2EA00000100001 /* Debug */ = {
			isa = XCBuildConfiguration;
			buildSettings = {
				ALWAYS_SEARCH_USER_PATHS = NO;
				CLANG_ANALYZER_NONNULL = YES;
				CLANG_ANALYZER_NUMBER_OBJECT_CONVERSION = YES_AGGRESSIVE;
				CLANG_CXX_LANGUAGE_STANDARD = "gnu++20";
				CLANG_ENABLE_MODULES = YES;
				CLANG_ENABLE_OBJC_ARC = YES;
				CLANG_ENABLE_OBJC_WEAK = YES;
				CLANG_WARN_BLOCK_CAPTURE_AUTORELEASING = YES;
				CLANG_WARN_BOOL_CONVERSION = YES;
				CLANG_WARN_COMMA = YES;
				CLANG_WARN_CONSTANT_CONVERSION = YES;
				CLANG_WARN_DEPRECATED_OBJC_IMPLEMENTATIONS = YES;
				CLANG_WARN_DIRECT_OBJC_ISA_USAGE = YES_ERROR;
				CLANG_WARN_DOCUMENTATION_COMMENTS = YES;
				CLANG_WARN_EMPTY_BODY = YES;
				CLANG_WARN_ENUM_CONVERSION = YES;
				CLANG_WARN_INFINITE_RECURSION = YES;
				CLANG_WARN_INT_CONVERSION = YES;
				CLANG_WARN_NON_LITERAL_NULL_CONVERSION = YES;
				CLANG_WARN_OBJC_IMPLICIT_RETAIN_SELF = YES;
				CLANG_WARN_OBJC_LITERAL_CONVERSION = YES;
				CLANG_WARN_OBJC_ROOT_CLASS = YES_ERROR;
				CLANG_WARN_QUOTED_INCLUDE_IN_FRAMEWORK_HEADER = YES;
				CLANG_WARN_RANGE_LOOP_ANALYSIS = YES;
				CLANG_WARN_STRICT_PROTOTYPES = YES;
				CLANG_WARN_SUSPICIOUS_MOVE = YES;
				CLANG_WARN_UNGUARDED_AVAILABILITY = YES_AGGRESSIVE;
				CLANG_WARN_UNREACHABLE_CODE = YES;
				CLANG_WARN__DUPLICATE_METHOD_MATCH = YES;
				COPY_PHASE_STRIP = NO;
				DEBUG_INFORMATION_FORMAT = dwarf;
				ENABLE_STRICT_OBJC_MSGSEND = YES;
				ENABLE_TESTABILITY = YES;
				ENABLE_USER_SCRIPT_SANDBOXING = YES;
				GCC_C_LANGUAGE_STANDARD = gnu17;
				GCC_DYNAMIC_NO_PIC = NO;
				GCC_NO_COMMON_BLOCKS = YES;
				GCC_OPTIMIZATION_LEVEL = 0;
				GCC_PREPROCESSOR_DEFINITIONS = (
					"DEBUG=1",
					"$(inherited)",
				);
				GCC_WARN_64_TO_32_BIT_CONVERSION = YES;
				GCC_WARN_ABOUT_RETURN_TYPE = YES_ERROR;
				GCC_WARN_UNDECLARED_SELECTOR = YES;
				GCC_WARN_UNINITIALIZED_AUTOS = YES_AGGRESSIVE;
				GCC_WARN_UNUSED_FUNCTION = YES;
				GCC_WARN_UNUSED_VARIABLE = YES;
				IPHONEOS_DEPLOYMENT_TARGET = 17.0;
				MTL_ENABLE_DEBUG_INFO = INCLUDE_SOURCE;
				MTL_FAST_MATH = YES;
				ONLY_ACTIVE_ARCH = YES;
				SDKROOT = iphoneos;
				SWIFT_ACTIVE_COMPILATION_CONDITIONS = DEBUG;
				SWIFT_OPTIMIZATION_LEVEL = "-Onone";
			};
			name = Debug;
		};
		8B1000642C2EA00000100001 /* Release */ = {
			isa = XCBuildConfiguration;
			buildSettings = {
				ALWAYS_SEARCH_USER_PATHS = NO;
				CLANG_ANALYZER_NONNULL = YES;
				CLANG_ANALYZER_NUMBER_OBJECT_CONVERSION = YES_AGGRESSIVE;
				CLANG_CXX_LANGUAGE_STANDARD = "gnu++20";
				CLANG_ENABLE_MODULES = YES;
				CLANG_ENABLE_OBJC_ARC = YES;
				CLANG_ENABLE_OBJC_WEAK = YES;
				CLANG_WARN_BLOCK_CAPTURE_AUTORELEASING = YES;
				CLANG_WARN_BOOL_CONVERSION = YES;
				CLANG_WARN_COMMA = YES;
				CLANG_WARN_CONSTANT_CONVERSION = YES;
				CLANG_WARN_DEPRECATED_OBJC_IMPLEMENTATIONS = YES;
				CLANG_WARN_DIRECT_OBJC_ISA_USAGE = YES_ERROR;
				CLANG_WARN_DOCUMENTATION_COMMENTS = YES;
				CLANG_WARN_EMPTY_BODY = YES;
				CLANG_WARN_ENUM_CONVERSION = YES;
				CLANG_WARN_INFINITE_RECURSION = YES;
				CLANG_WARN_INT_CONVERSION = YES;
				CLANG_WARN_NON_LITERAL_NULL_CONVERSION = YES;
				CLANG_WARN_OBJC_IMPLICIT_RETAIN_SELF = YES;
				CLANG_WARN_OBJC_LITERAL_CONVERSION = YES;
				CLANG_WARN_OBJC_ROOT_CLASS = YES_ERROR;
				CLANG_WARN_QUOTED_INCLUDE_IN_FRAMEWORK_HEADER = YES;
				CLANG_WARN_RANGE_LOOP_ANALYSIS = YES;
				CLANG_WARN_STRICT_PROTOTYPES = YES;
				CLANG_WARN_SUSPICIOUS_MOVE = YES;
				CLANG_WARN_UNGUARDED_AVAILABILITY = YES_AGGRESSIVE;
				CLANG_WARN_UNREACHABLE_CODE = YES;
				CLANG_WARN__DUPLICATE_METHOD_MATCH = YES;
				COPY_PHASE_STRIP = NO;
				DEBUG_INFORMATION_FORMAT = "dwarf-with-dsym";
				ENABLE_NS_ASSERTIONS = NO;
				ENABLE_STRICT_OBJC_MSGSEND = YES;
				ENABLE_USER_SCRIPT_SANDBOXING = YES;
				GCC_C_LANGUAGE_STANDARD = gnu17;
				GCC_NO_COMMON_BLOCKS = YES;
				GCC_WARN_64_TO_32_BIT_CONVERSION = YES;
				GCC_WARN_ABOUT_RETURN_TYPE = YES_ERROR;
				GCC_WARN_UNDECLARED_SELECTOR = YES;
				GCC_WARN_UNINITIALIZED_AUTOS = YES_AGGRESSIVE;
				GCC_WARN_UNUSED_FUNCTION = YES;
				GCC_WARN_UNUSED_VARIABLE = YES;
				IPHONEOS_DEPLOYMENT_TARGET = 17.0;
				MTL_ENABLE_DEBUG_INFO = NO;
				MTL_FAST_MATH = YES;
				SDKROOT = iphoneos;
				SWIFT_COMPILATION_MODE = wholemodule;
				SWIFT_OPTIMIZATION_LEVEL = "-O";
				VALIDATE_PRODUCT = YES;
			};
			name = Release;
		};
		8B1000912C2EA00000100001 /* Debug */ = {
			isa = XCBuildConfiguration;
			buildSettings = {
				ASSETCATALOG_COMPILER_APPICON_NAME = AppIcon;
				CODE_SIGN_STYLE = Automatic;
				CURRENT_PROJECT_VERSION = 1;
				DEVELOPMENT_ASSET_PATHS = "";
				DEVELOPMENT_TEAM = 4W95W79JT2;
				ENABLE_PREVIEWS = YES;
				GENERATE_INFOPLIST_FILE = YES;
				INFOPLIST_KEY_CFBundleDisplayName = "生活ボード カウント";
				INFOPLIST_KEY_LSApplicationCategoryType = "public.app-category.education";
				INFOPLIST_KEY_UILaunchScreen_Generation = YES;
				INFOPLIST_KEY_UIApplicationSceneManifest_Generation = YES;
				INFOPLIST_KEY_UIApplicationSupportsIndirectInputEvents = YES;
				INFOPLIST_KEY_UISupportedInterfaceOrientations_iPad = "UIInterfaceOrientationPortrait UIInterfaceOrientationPortraitUpsideDown UIInterfaceOrientationLandscapeLeft UIInterfaceOrientationLandscapeRight";
				INFOPLIST_KEY_UISupportedInterfaceOrientations_iPhone = "UIInterfaceOrientationPortrait UIInterfaceOrientationLandscapeLeft UIInterfaceOrientationLandscapeRight";
				IPHONEOS_DEPLOYMENT_TARGET = 17.0;
				MARKETING_VERSION = 1.0;
				PRODUCT_BUNDLE_IDENTIFIER = com.saku.seikatsuboardcount;
				PRODUCT_NAME = "$(TARGET_NAME)";
				SWIFT_EMIT_LOC_STRINGS = YES;
				SWIFT_VERSION = 5.0;
				TARGETED_DEVICE_FAMILY = "1,2";
			};
			name = Debug;
		};
		8B1000922C2EA00000100001 /* Release */ = {
			isa = XCBuildConfiguration;
			buildSettings = {
				ASSETCATALOG_COMPILER_APPICON_NAME = AppIcon;
				CODE_SIGN_STYLE = Automatic;
				CURRENT_PROJECT_VERSION = 1;
				DEVELOPMENT_ASSET_PATHS = "";
				DEVELOPMENT_TEAM = 4W95W79JT2;
				ENABLE_PREVIEWS = YES;
				GENERATE_INFOPLIST_FILE = YES;
				INFOPLIST_KEY_CFBundleDisplayName = "生活ボード カウント";
				INFOPLIST_KEY_LSApplicationCategoryType = "public.app-category.education";
				INFOPLIST_KEY_UILaunchScreen_Generation = YES;
				INFOPLIST_KEY_UIApplicationSceneManifest_Generation = YES;
				INFOPLIST_KEY_UIApplicationSupportsIndirectInputEvents = YES;
				INFOPLIST_KEY_UISupportedInterfaceOrientations_iPad = "UIInterfaceOrientationPortrait UIInterfaceOrientationPortraitUpsideDown UIInterfaceOrientationLandscapeLeft UIInterfaceOrientationLandscapeRight";
				INFOPLIST_KEY_UISupportedInterfaceOrientations_iPhone = "UIInterfaceOrientationPortrait UIInterfaceOrientationLandscapeLeft UIInterfaceOrientationLandscapeRight";
				IPHONEOS_DEPLOYMENT_TARGET = 17.0;
				MARKETING_VERSION = 1.0;
				PRODUCT_BUNDLE_IDENTIFIER = com.saku.seikatsuboardcount;
				PRODUCT_NAME = "$(TARGET_NAME)";
				SWIFT_EMIT_LOC_STRINGS = YES;
				SWIFT_VERSION = 5.0;
				TARGETED_DEVICE_FAMILY = "1,2";
			};
			name = Release;
		};
/* End XCBuildConfiguration section */

/* Begin XCConfigurationList section */
		8B1000622C2EA00000100001 /* Build configuration list for PBXProject "SeikatsuBoardCount" */ = {
			isa = XCConfigurationList;
			buildConfigurations = (
				8B1000632C2EA00000100001 /* Debug */,
				8B1000642C2EA00000100001 /* Release */,
			);
			defaultConfigurationIsVisible = 0;
			defaultConfigurationName = Release;
		};
		8B1000902C2EA00000100001 /* Build configuration list for PBXNativeTarget "SeikatsuBoardCount" */ = {
			isa = XCConfigurationList;
			buildConfigurations = (
				8B1000912C2EA00000100001 /* Debug */,
				8B1000922C2EA00000100001 /* Release */,
			);
			defaultConfigurationIsVisible = 0;
			defaultConfigurationName = Release;
		};
/* End XCConfigurationList section */
	};
	rootObject = 8B1000612C2EA00000100001 /* Project object */;
}
